
Microsoft Visual Studio Solution File, Format Version 12.00
# Visual Studio Version 17
VisualStudioVersion = 17.4.33403.182
MinimumVisualStudioVersion = 10.0.40219.1
Project("{8BC9CEB8-8B4A-11D0-8D11-00A0C91BC942}") = "day2", "day2\day2.vcxproj", "{5E52AF34-56E9-4581-8BF2-E75A4A002288}"
EndProject
Project("{8BC9CEB8-8B4A-11D0-8D11-00A0C91BC942}") = "day03", "day03\day03.vcxproj", "{458FB9BC-58B9-410D-A88F-6C50F296613B}"
EndProject
Project("{8BC9CEB8-8B4A-11D0-8D11-00A0C91BC942}") = "Omok", "Omok\Omok.vcxproj", "{010611C4-6BBA-43AF-9050-2A0DFE71177B}"
EndProject
Global
	GlobalSection(SolutionConfigurationPlatforms) = preSolution
		Debug|x64 = Debug|x64
		Debug|x86 = Debug|x86
		Release|x64 = Release|x64
		Release|x86 = Release|x86
	EndGlobalSection
	GlobalSection(ProjectConfigurationPlatforms) = postSolution
		{5E52AF34-56E9-4581-8BF2-E75A4A002288}.Debug|x64.ActiveCfg = Debug|x64
		{5E52AF34-56E9-4581-8BF2-E75A4A002288}.Debug|x64.Build.0 = Debug|x64
		{5E52AF34-56E9-4581-8BF2-E75A4A002288}.Debug|x86.ActiveCfg = Debug|Win32
		{5E52AF34-56E9-4581-8BF2-E75A4A002288}.Debug|x86.Build.0 = Debug|Win32
		{5E52AF34-56E9-4581-8BF2-E75A4A002288}.Release|x64.ActiveCfg = Release|x64
		{5E52AF34-56E9-4581-8BF2-E75A4A002288}.Release|x64.Build.0 = Release|x64
		{5E52AF34-56E9-4581-8BF2-E75A4A002288}.Release|x86.ActiveCfg = Release|Win32
		{5E52AF34-56E9-4581-8BF2-E75A4A002288}.Release|x86.Build.0 = Release|Win32
		{458FB9BC-58B9-410D-A88F-6C50F296613B}.Debug|x64.ActiveCfg = Debug|x64
		{458FB9BC-58B9-410D-A88F-6C50F296613B}.Debug|x64.Build.0 = Debug|x64
		{458FB9BC-58B9-410D-A88F-6C50F296613B}.Debug|x86.ActiveCfg = Debug|Win32
		{458FB9BC-58B9-410D-A88F-6C50F296613B}.Debug|x86.Build.0 = Debug|Win32
		{458FB9BC-58B9-410D-A88F-6C50F296613B}.Release|x64.ActiveCfg = Release|x64
		{458FB9BC-58B9-410D-A88F-6C50F296613B}.Release|x64.Build.0 = Release|x64
		{458FB9BC-58B9-410D-A88F-6C50F296613B}.Release|x86.ActiveCfg = Release|Win32
		{458FB9BC-58B9-410D-A88F-6C50F296613B}.Release|x86.Build.0 = Release|Win32
		{010611C4-6BBA-43AF-9050-2A0DFE71177B}.Debug|x64.ActiveCfg = Debug|x64
		{010611C4-6BBA-43AF-9050-2A0DFE71177B}.Debug|x64.Build.0 = Debug|x64
		{010611C4-6BBA-43AF-9050-2A0DFE71177B}.Debug|x86.ActiveCfg = Debug|Win32
		{010611C4-6BBA-43AF-9050-2A0DFE71177B}.Debug|x86.Build.0 = Debug|Win32
		{010611C4-6BBA-43AF-9050-2A0DFE71177B}.Release|x64.ActiveCfg = Release|x64
		{010611C4-6BBA-43AF-9050-2A0DFE71177B}.Release|x64.Build.0 = Release|x64
		{010611C4-6BBA-43AF-9050-2A0DFE71177B}.Release|x86.ActiveCfg = Release|Win32
		{010611C4-6BBA-43AF-9050-2A0DFE71177B}.Release|x86.Build.0 = Release|Win32
	EndGlobalSection
	GlobalSection(SolutionProperties) = preSolution
		HideSolutionNode = FALSE
	EndGlobalSection
	GlobalSection(ExtensibilityGlobals) = postSolution
		SolutionGuid = {F4BE48EB-7C6F-44E5-AF38-36F6BD2A85EE}
	EndGlobalSection
EndGlobal
